Microsoft Visual Studio Solution File, Format Version 12.00
# Visual Studio Version 17
VisualStudioVersion = 17.5.2.0
MinimumVisualStudioVersion = 10.0.40219.1
Project("{FAE04EC0-301F-11D3-BF4B-00C04F79EFBC}") = "MyFristApi", "MyFristApi.csproj", "{943B2A2E-B0FD-8800-209D-5889439CBE2A}"
EndProject
Global
	GlobalSection(SolutionConfigurationPlatforms) = preSolution
		Debug|Any CPU = Debug|Any CPU
		Release|Any CPU = Release|Any CPU
	EndGlobalSection
	GlobalSection(ProjectConfigurationPlatforms) = postSolution
		{943B2A2E-B0FD-8800-209D-5889439CBE2A}.Debug|Any CPU.ActiveCfg = Debug|Any CPU
		{943B2A2E-B0FD-8800-209D-5889439CBE2A}.Debug|Any CPU.Build.0 = Debug|Any CPU
		{943B2A2E-B0FD-8800-209D-5889439CBE2A}.Release|Any CPU.ActiveCfg = Release|Any CPU
		{943B2A2E-B0FD-8800-209D-5889439CBE2A}.Release|Any CPU.Build.0 = Release|Any CPU
	EndGlobalSection
	GlobalSection(SolutionProperties) = preSolution
		HideSolutionNode = FALSE
	EndGlobalSection
	GlobalSection(ExtensibilityGlobals) = postSolution
		SolutionGuid = {F7E7EFC3-1A4E-4C9B-A8F0-C24DF114BA88}
	EndGlobalSection
EndGlobal
